<?xml version="1.0" encoding="UTF-8"?>
<CodeBlocks_project_file>
	<FileVersion major="1" minor="6"/>
	<Project>
		<Option title="VSTRAP"/>
		<Option makefile_is_custom="1"/>
		<Option compiler="gcc"/>
		<Option virtualFolders="CMake Files\;CMake Files\src\;"/>
		<Build>
			<Target title="all">
				<Option working_dir="/home/jan/Promotion_linuxPC/build-vstrap"/>
				<Option type="4"/>
				<MakeCommands>
					<Build command="/usr/bin/make -j4 -f &quot;/home/jan/Promotion_linuxPC/build-vstrap/Makefile&quot;  VERBOSE=1 all"/>
					<CompileFile command="/usr/bin/make -j4 -f &quot;/home/jan/Promotion_linuxPC/build-vstrap/Makefile&quot;  VERBOSE=1 &quot;$file&quot;"/>
					<Clean command="/usr/bin/make -j4 -f &quot;/home/jan/Promotion_linuxPC/build-vstrap/Makefile&quot;  VERBOSE=1 clean"/>
					<DistClean command="/usr/bin/make -j4 -f &quot;/home/jan/Promotion_linuxPC/build-vstrap/Makefile&quot;  VERBOSE=1 clean"/>
				</MakeCommands>
			</Target>
			<Target title="rebuild_cache">
				<Option working_dir="/home/jan/Promotion_linuxPC/build-vstrap"/>
				<Option type="4"/>
				<MakeCommands>
					<Build command="/usr/bin/make -j4 -f &quot;/home/jan/Promotion_linuxPC/build-vstrap/Makefile&quot;  VERBOSE=1 rebuild_cache"/>
					<CompileFile command="/usr/bin/make -j4 -f &quot;/home/jan/Promotion_linuxPC/build-vstrap/Makefile&quot;  VERBOSE=1 &quot;$file&quot;"/>
					<Clean command="/usr/bin/make -j4 -f &quot;/home/jan/Promotion_linuxPC/build-vstrap/Makefile&quot;  VERBOSE=1 clean"/>
					<DistClean command="/usr/bin/make -j4 -f &quot;/home/jan/Promotion_linuxPC/build-vstrap/Makefile&quot;  VERBOSE=1 clean"/>
				</MakeCommands>
			</Target>
			<Target title="edit_cache">
				<Option working_dir="/home/jan/Promotion_linuxPC/build-vstrap"/>
				<Option type="4"/>
				<MakeCommands>
					<Build command="/usr/bin/make -j4 -f &quot;/home/jan/Promotion_linuxPC/build-vstrap/Makefile&quot;  VERBOSE=1 edit_cache"/>
					<CompileFile command="/usr/bin/make -j4 -f &quot;/home/jan/Promotion_linuxPC/build-vstrap/Makefile&quot;  VERBOSE=1 &quot;$file&quot;"/>
					<Clean command="/usr/bin/make -j4 -f &quot;/home/jan/Promotion_linuxPC/build-vstrap/Makefile&quot;  VERBOSE=1 clean"/>
					<DistClean command="/usr/bin/make -j4 -f &quot;/home/jan/Promotion_linuxPC/build-vstrap/Makefile&quot;  VERBOSE=1 clean"/>
				</MakeCommands>
			</Target>
			<Target title="vstrap">
				<Option output="/home/jan/Promotion_linuxPC/build-vstrap/src/vstrap" prefix_auto="0" extension_auto="0"/>
				<Option working_dir="/home/jan/Promotion_linuxPC/build-vstrap/src"/>
				<Option object_output="./"/>
				<Option type="1"/>
				<Option compiler="gcc"/>
				<Compiler>
					<Add directory="/usr/include/c++/7"/>
					<Add directory="/usr/include/x86_64-linux-gnu/c++/7"/>
					<Add directory="/usr/include/c++/7/backward"/>
					<Add directory="/usr/lib/gcc/x86_64-linux-gnu/7/include"/>
					<Add directory="/usr/local/include"/>
					<Add directory="/usr/lib/gcc/x86_64-linux-gnu/7/include-fixed"/>
					<Add directory="/usr/include/x86_64-linux-gnu"/>
					<Add directory="/usr/include"/>
				</Compiler>
				<MakeCommands>
					<Build command="/usr/bin/make -j4 -f &quot;/home/jan/Promotion_linuxPC/build-vstrap/src/Makefile&quot;  VERBOSE=1 vstrap"/>
					<CompileFile command="/usr/bin/make -j4 -f &quot;/home/jan/Promotion_linuxPC/build-vstrap/src/Makefile&quot;  VERBOSE=1 &quot;$file&quot;"/>
					<Clean command="/usr/bin/make -j4 -f &quot;/home/jan/Promotion_linuxPC/build-vstrap/src/Makefile&quot;  VERBOSE=1 clean"/>
					<DistClean command="/usr/bin/make -j4 -f &quot;/home/jan/Promotion_linuxPC/build-vstrap/src/Makefile&quot;  VERBOSE=1 clean"/>
				</MakeCommands>
			</Target>
			<Target title="vstrap/fast">
				<Option output="/home/jan/Promotion_linuxPC/build-vstrap/src/vstrap" prefix_auto="0" extension_auto="0"/>
				<Option working_dir="/home/jan/Promotion_linuxPC/build-vstrap/src"/>
				<Option object_output="./"/>
				<Option type="1"/>
				<Option compiler="gcc"/>
				<Compiler>
					<Add directory="/usr/include/c++/7"/>
					<Add directory="/usr/include/x86_64-linux-gnu/c++/7"/>
					<Add directory="/usr/include/c++/7/backward"/>
					<Add directory="/usr/lib/gcc/x86_64-linux-gnu/7/include"/>
					<Add directory="/usr/local/include"/>
					<Add directory="/usr/lib/gcc/x86_64-linux-gnu/7/include-fixed"/>
					<Add directory="/usr/include/x86_64-linux-gnu"/>
					<Add directory="/usr/include"/>
				</Compiler>
				<MakeCommands>
					<Build command="/usr/bin/make -j4 -f &quot;/home/jan/Promotion_linuxPC/build-vstrap/src/Makefile&quot;  VERBOSE=1 vstrap/fast"/>
					<CompileFile command="/usr/bin/make -j4 -f &quot;/home/jan/Promotion_linuxPC/build-vstrap/src/Makefile&quot;  VERBOSE=1 &quot;$file&quot;"/>
					<Clean command="/usr/bin/make -j4 -f &quot;/home/jan/Promotion_linuxPC/build-vstrap/src/Makefile&quot;  VERBOSE=1 clean"/>
					<DistClean command="/usr/bin/make -j4 -f &quot;/home/jan/Promotion_linuxPC/build-vstrap/src/Makefile&quot;  VERBOSE=1 clean"/>
				</MakeCommands>
			</Target>
		</Build>
		<Unit filename="/home/jan/Promotion_linuxPC/vstrap/src/common/cuboid_new.cc">
			<Option target="vstrap"/>
		</Unit>
		<Unit filename="/home/jan/Promotion_linuxPC/vstrap/src/common/cuboid_new.h">
			<Option target="vstrap"/>
		</Unit>
		<Unit filename="/home/jan/Promotion_linuxPC/vstrap/src/common/gauss_quadrature_points.cpp">
			<Option target="vstrap"/>
		</Unit>
		<Unit filename="/home/jan/Promotion_linuxPC/vstrap/src/common/gauss_quadrature_points.h">
			<Option target="vstrap"/>
		</Unit>
		<Unit filename="/home/jan/Promotion_linuxPC/vstrap/src/common/matrixsh.cc">
			<Option target="vstrap"/>
		</Unit>
		<Unit filename="/home/jan/Promotion_linuxPC/vstrap/src/common/matrixsh.h">
			<Option target="vstrap"/>
		</Unit>
		<Unit filename="/home/jan/Promotion_linuxPC/vstrap/src/common/tree/octree.cc">
			<Option target="vstrap"/>
		</Unit>
		<Unit filename="/home/jan/Promotion_linuxPC/vstrap/src/common/tree/octree.h">
			<Option target="vstrap"/>
		</Unit>
		<Unit filename="/home/jan/Promotion_linuxPC/vstrap/src/common/utility.cc">
			<Option target="vstrap"/>
		</Unit>
		<Unit filename="/home/jan/Promotion_linuxPC/vstrap/src/common/utility.h">
			<Option target="vstrap"/>
		</Unit>
		<Unit filename="/home/jan/Promotion_linuxPC/vstrap/src/common/vector3d.cc">
			<Option target="vstrap"/>
		</Unit>
		<Unit filename="/home/jan/Promotion_linuxPC/vstrap/src/common/vector3d.h">
			<Option target="vstrap"/>
		</Unit>
		<Unit filename="/home/jan/Promotion_linuxPC/vstrap/src/data/data.cc">
			<Option target="vstrap"/>
		</Unit>
		<Unit filename="/home/jan/Promotion_linuxPC/vstrap/src/data/data.h">
			<Option target="vstrap"/>
		</Unit>
		<Unit filename="/home/jan/Promotion_linuxPC/vstrap/src/data/data_node.cc">
			<Option target="vstrap"/>
		</Unit>
		<Unit filename="/home/jan/Promotion_linuxPC/vstrap/src/data/data_node.h">
			<Option target="vstrap"/>
		</Unit>
		<Unit filename="/home/jan/Promotion_linuxPC/vstrap/src/data/data_provider.cc">
			<Option target="vstrap"/>
		</Unit>
		<Unit filename="/home/jan/Promotion_linuxPC/vstrap/src/data/data_provider.h">
			<Option target="vstrap"/>
		</Unit>
		<Unit filename="/home/jan/Promotion_linuxPC/vstrap/src/data/diagnostic_points.cc">
			<Option target="vstrap"/>
		</Unit>
		<Unit filename="/home/jan/Promotion_linuxPC/vstrap/src/data/diagnostic_points.h">
			<Option target="vstrap"/>
		</Unit>
		<Unit filename="/home/jan/Promotion_linuxPC/vstrap/src/data/particles.cc">
			<Option target="vstrap"/>
		</Unit>
		<Unit filename="/home/jan/Promotion_linuxPC/vstrap/src/data/particles.h">
			<Option target="vstrap"/>
		</Unit>
		<Unit filename="/home/jan/Promotion_linuxPC/vstrap/src/data/str_data.cc">
			<Option target="vstrap"/>
		</Unit>
		<Unit filename="/home/jan/Promotion_linuxPC/vstrap/src/data/str_data.h">
			<Option target="vstrap"/>
		</Unit>
		<Unit filename="/home/jan/Promotion_linuxPC/vstrap/src/exceptions/exception.cc">
			<Option target="vstrap"/>
		</Unit>
		<Unit filename="/home/jan/Promotion_linuxPC/vstrap/src/exceptions/exception.h">
			<Option target="vstrap"/>
		</Unit>
		<Unit filename="/home/jan/Promotion_linuxPC/vstrap/src/initializer/diagnostic_points_initializer/diagnostic_points_initializer.cc">
			<Option target="vstrap"/>
		</Unit>
		<Unit filename="/home/jan/Promotion_linuxPC/vstrap/src/initializer/diagnostic_points_initializer/diagnostic_points_initializer.h">
			<Option target="vstrap"/>
		</Unit>
		<Unit filename="/home/jan/Promotion_linuxPC/vstrap/src/initializer/initializer.cc">
			<Option target="vstrap"/>
		</Unit>
		<Unit filename="/home/jan/Promotion_linuxPC/vstrap/src/initializer/initializer.h">
			<Option target="vstrap"/>
		</Unit>
		<Unit filename="/home/jan/Promotion_linuxPC/vstrap/src/initializer/mesh_initializer/mesh_initializer.cc">
			<Option target="vstrap"/>
		</Unit>
		<Unit filename="/home/jan/Promotion_linuxPC/vstrap/src/initializer/mesh_initializer/mesh_initializer.h">
			<Option target="vstrap"/>
		</Unit>
		<Unit filename="/home/jan/Promotion_linuxPC/vstrap/src/initializer/particle_initializer/particle_initializer.cc">
			<Option target="vstrap"/>
		</Unit>
		<Unit filename="/home/jan/Promotion_linuxPC/vstrap/src/initializer/particle_initializer/particle_initializer.h">
			<Option target="vstrap"/>
		</Unit>
		<Unit filename="/home/jan/Promotion_linuxPC/vstrap/src/io/reader/reader.cc">
			<Option target="vstrap"/>
		</Unit>
		<Unit filename="/home/jan/Promotion_linuxPC/vstrap/src/io/reader/reader.h">
			<Option target="vstrap"/>
		</Unit>
		<Unit filename="/home/jan/Promotion_linuxPC/vstrap/src/io/reader/tinyxml/tinystr.cpp">
			<Option target="vstrap"/>
		</Unit>
		<Unit filename="/home/jan/Promotion_linuxPC/vstrap/src/io/reader/tinyxml/tinystr.h">
			<Option target="vstrap"/>
		</Unit>
		<Unit filename="/home/jan/Promotion_linuxPC/vstrap/src/io/reader/tinyxml/tinyxml.cpp">
			<Option target="vstrap"/>
		</Unit>
		<Unit filename="/home/jan/Promotion_linuxPC/vstrap/src/io/reader/tinyxml/tinyxml.h">
			<Option target="vstrap"/>
		</Unit>
		<Unit filename="/home/jan/Promotion_linuxPC/vstrap/src/io/reader/tinyxml/tinyxmlerror.cpp">
			<Option target="vstrap"/>
		</Unit>
		<Unit filename="/home/jan/Promotion_linuxPC/vstrap/src/io/reader/tinyxml/tinyxmlparser.cpp">
			<Option target="vstrap"/>
		</Unit>
		<Unit filename="/home/jan/Promotion_linuxPC/vstrap/src/io/writer/diagnostic_points/fields.cc">
			<Option target="vstrap"/>
		</Unit>
		<Unit filename="/home/jan/Promotion_linuxPC/vstrap/src/io/writer/diagnostic_points/fields.h">
			<Option target="vstrap"/>
		</Unit>
		<Unit filename="/home/jan/Promotion_linuxPC/vstrap/src/io/writer/mesh_data/mesh_data.cc">
			<Option target="vstrap"/>
		</Unit>
		<Unit filename="/home/jan/Promotion_linuxPC/vstrap/src/io/writer/mesh_data/mesh_data.h">
			<Option target="vstrap"/>
		</Unit>
		<Unit filename="/home/jan/Promotion_linuxPC/vstrap/src/io/writer/plasma_state/energy.cc">
			<Option target="vstrap"/>
		</Unit>
		<Unit filename="/home/jan/Promotion_linuxPC/vstrap/src/io/writer/plasma_state/energy.h">
			<Option target="vstrap"/>
		</Unit>
		<Unit filename="/home/jan/Promotion_linuxPC/vstrap/src/io/writer/plasma_state/flux_counter.cc">
			<Option target="vstrap"/>
		</Unit>
		<Unit filename="/home/jan/Promotion_linuxPC/vstrap/src/io/writer/plasma_state/flux_counter.h">
			<Option target="vstrap"/>
		</Unit>
		<Unit filename="/home/jan/Promotion_linuxPC/vstrap/src/io/writer/plasma_state/number_densities.cc">
			<Option target="vstrap"/>
		</Unit>
		<Unit filename="/home/jan/Promotion_linuxPC/vstrap/src/io/writer/plasma_state/number_densities.h">
			<Option target="vstrap"/>
		</Unit>
		<Unit filename="/home/jan/Promotion_linuxPC/vstrap/src/io/writer/plasma_state/particle_numbers.cc">
			<Option target="vstrap"/>
		</Unit>
		<Unit filename="/home/jan/Promotion_linuxPC/vstrap/src/io/writer/plasma_state/particle_numbers.h">
			<Option target="vstrap"/>
		</Unit>
		<Unit filename="/home/jan/Promotion_linuxPC/vstrap/src/io/writer/plasma_state/plasma_state.cc">
			<Option target="vstrap"/>
		</Unit>
		<Unit filename="/home/jan/Promotion_linuxPC/vstrap/src/io/writer/plasma_state/plasma_state.h">
			<Option target="vstrap"/>
		</Unit>
		<Unit filename="/home/jan/Promotion_linuxPC/vstrap/src/io/writer/plasma_state/surface_charging.cc">
			<Option target="vstrap"/>
		</Unit>
		<Unit filename="/home/jan/Promotion_linuxPC/vstrap/src/io/writer/plasma_state/surface_charging.h">
			<Option target="vstrap"/>
		</Unit>
		<Unit filename="/home/jan/Promotion_linuxPC/vstrap/src/io/writer/plasma_state/temperatures.cc">
			<Option target="vstrap"/>
		</Unit>
		<Unit filename="/home/jan/Promotion_linuxPC/vstrap/src/io/writer/plasma_state/temperatures.h">
			<Option target="vstrap"/>
		</Unit>
		<Unit filename="/home/jan/Promotion_linuxPC/vstrap/src/io/writer/shock_tube/shock_tube_writer.cc">
			<Option target="vstrap"/>
		</Unit>
		<Unit filename="/home/jan/Promotion_linuxPC/vstrap/src/io/writer/shock_tube/shock_tube_writer.h">
			<Option target="vstrap"/>
		</Unit>
		<Unit filename="/home/jan/Promotion_linuxPC/vstrap/src/io/writer/writer.cc">
			<Option target="vstrap"/>
		</Unit>
		<Unit filename="/home/jan/Promotion_linuxPC/vstrap/src/io/writer/writer.h">
			<Option target="vstrap"/>
		</Unit>
		<Unit filename="/home/jan/Promotion_linuxPC/vstrap/src/log/log.cc">
			<Option target="vstrap"/>
		</Unit>
		<Unit filename="/home/jan/Promotion_linuxPC/vstrap/src/log/log.h">
			<Option target="vstrap"/>
		</Unit>
		<Unit filename="/home/jan/Promotion_linuxPC/vstrap/src/log/loginitilizer.cc">
			<Option target="vstrap"/>
		</Unit>
		<Unit filename="/home/jan/Promotion_linuxPC/vstrap/src/log/loginitilizer.h">
			<Option target="vstrap"/>
		</Unit>
		<Unit filename="/home/jan/Promotion_linuxPC/vstrap/src/main.cc">
			<Option target="vstrap"/>
		</Unit>
		<Unit filename="/home/jan/Promotion_linuxPC/vstrap/src/random/random_number_provider.cc">
			<Option target="vstrap"/>
		</Unit>
		<Unit filename="/home/jan/Promotion_linuxPC/vstrap/src/random/random_number_provider.h">
			<Option target="vstrap"/>
		</Unit>
		<Unit filename="/home/jan/Promotion_linuxPC/vstrap/src/solver/adjoint_particle_creator/adjoint_particle_creator.cc">
			<Option target="vstrap"/>
		</Unit>
		<Unit filename="/home/jan/Promotion_linuxPC/vstrap/src/solver/adjoint_particle_creator/adjoint_particle_creator.h">
			<Option target="vstrap"/>
		</Unit>
		<Unit filename="/home/jan/Promotion_linuxPC/vstrap/src/solver/bem/analytic_integration.cc">
			<Option target="vstrap"/>
		</Unit>
		<Unit filename="/home/jan/Promotion_linuxPC/vstrap/src/solver/bem/analytic_integration.h">
			<Option target="vstrap"/>
		</Unit>
		<Unit filename="/home/jan/Promotion_linuxPC/vstrap/src/solver/bem/bem_algorithms.cc">
			<Option target="vstrap"/>
		</Unit>
		<Unit filename="/home/jan/Promotion_linuxPC/vstrap/src/solver/bem/bem_algorithms.h">
			<Option target="vstrap"/>
		</Unit>
		<Unit filename="/home/jan/Promotion_linuxPC/vstrap/src/solver/bem/bem_solver.cc">
			<Option target="vstrap"/>
		</Unit>
		<Unit filename="/home/jan/Promotion_linuxPC/vstrap/src/solver/bem/bem_solver.h">
			<Option target="vstrap"/>
		</Unit>
		<Unit filename="/home/jan/Promotion_linuxPC/vstrap/src/solver/bgf/bgf.cc">
			<Option target="vstrap"/>
		</Unit>
		<Unit filename="/home/jan/Promotion_linuxPC/vstrap/src/solver/bgf/bgf.h">
			<Option target="vstrap"/>
		</Unit>
		<Unit filename="/home/jan/Promotion_linuxPC/vstrap/src/solver/bgf/bgf_algorithms.cc">
			<Option target="vstrap"/>
		</Unit>
		<Unit filename="/home/jan/Promotion_linuxPC/vstrap/src/solver/bgf/bgf_algorithms.h">
			<Option target="vstrap"/>
		</Unit>
		<Unit filename="/home/jan/Promotion_linuxPC/vstrap/src/solver/bgf/bgf_bem_algorithms.cc">
			<Option target="vstrap"/>
		</Unit>
		<Unit filename="/home/jan/Promotion_linuxPC/vstrap/src/solver/bgf/bgf_bem_algorithms.h">
			<Option target="vstrap"/>
		</Unit>
		<Unit filename="/home/jan/Promotion_linuxPC/vstrap/src/solver/erosion/erosion.cpp">
			<Option target="vstrap"/>
		</Unit>
		<Unit filename="/home/jan/Promotion_linuxPC/vstrap/src/solver/erosion/erosion.h">
			<Option target="vstrap"/>
		</Unit>
		<Unit filename="/home/jan/Promotion_linuxPC/vstrap/src/solver/erosion/erosion_algorithms.cpp">
			<Option target="vstrap"/>
		</Unit>
		<Unit filename="/home/jan/Promotion_linuxPC/vstrap/src/solver/erosion/erosion_algorithms.h">
			<Option target="vstrap"/>
		</Unit>
		<Unit filename="/home/jan/Promotion_linuxPC/vstrap/src/solver/fmm/fmm.cc">
			<Option target="vstrap"/>
		</Unit>
		<Unit filename="/home/jan/Promotion_linuxPC/vstrap/src/solver/fmm/fmm.h">
			<Option target="vstrap"/>
		</Unit>
		<Unit filename="/home/jan/Promotion_linuxPC/vstrap/src/solver/fmm/fmm_algorithms.cc">
			<Option target="vstrap"/>
		</Unit>
		<Unit filename="/home/jan/Promotion_linuxPC/vstrap/src/solver/fmm/fmm_algorithms.h">
			<Option target="vstrap"/>
		</Unit>
		<Unit filename="/home/jan/Promotion_linuxPC/vstrap/src/solver/inflow/inflow.cc">
			<Option target="vstrap"/>
		</Unit>
		<Unit filename="/home/jan/Promotion_linuxPC/vstrap/src/solver/inflow/inflow.h">
			<Option target="vstrap"/>
		</Unit>
		<Unit filename="/home/jan/Promotion_linuxPC/vstrap/src/solver/inflow/inflow_algorithms.cc">
			<Option target="vstrap"/>
		</Unit>
		<Unit filename="/home/jan/Promotion_linuxPC/vstrap/src/solver/inflow/inflow_algorithms.h">
			<Option target="vstrap"/>
		</Unit>
		<Unit filename="/home/jan/Promotion_linuxPC/vstrap/src/solver/mc/dsmc/dsmc.cc">
			<Option target="vstrap"/>
		</Unit>
		<Unit filename="/home/jan/Promotion_linuxPC/vstrap/src/solver/mc/dsmc/dsmc.h">
			<Option target="vstrap"/>
		</Unit>
		<Unit filename="/home/jan/Promotion_linuxPC/vstrap/src/solver/mc/dsmc/dsmc_algorithms.cc">
			<Option target="vstrap"/>
		</Unit>
		<Unit filename="/home/jan/Promotion_linuxPC/vstrap/src/solver/mc/dsmc/dsmc_algorithms.h">
			<Option target="vstrap"/>
		</Unit>
		<Unit filename="/home/jan/Promotion_linuxPC/vstrap/src/solver/mc/interactions.cc">
			<Option target="vstrap"/>
		</Unit>
		<Unit filename="/home/jan/Promotion_linuxPC/vstrap/src/solver/mc/interactions.h">
			<Option target="vstrap"/>
		</Unit>
		<Unit filename="/home/jan/Promotion_linuxPC/vstrap/src/solver/mc/mc_algorithms.cc">
			<Option target="vstrap"/>
		</Unit>
		<Unit filename="/home/jan/Promotion_linuxPC/vstrap/src/solver/mc/mc_algorithms.h">
			<Option target="vstrap"/>
		</Unit>
		<Unit filename="/home/jan/Promotion_linuxPC/vstrap/src/solver/mc/mcc/mcc.cpp">
			<Option target="vstrap"/>
		</Unit>
		<Unit filename="/home/jan/Promotion_linuxPC/vstrap/src/solver/mc/mcc/mcc.h">
			<Option target="vstrap"/>
		</Unit>
		<Unit filename="/home/jan/Promotion_linuxPC/vstrap/src/solver/mc/mcc/mcc_algorithms.cc">
			<Option target="vstrap"/>
		</Unit>
		<Unit filename="/home/jan/Promotion_linuxPC/vstrap/src/solver/mc/mcc/mcc_algorithms.h">
			<Option target="vstrap"/>
		</Unit>
		<Unit filename="/home/jan/Promotion_linuxPC/vstrap/src/solver/pusher/pusher.cc">
			<Option target="vstrap"/>
		</Unit>
		<Unit filename="/home/jan/Promotion_linuxPC/vstrap/src/solver/pusher/pusher.h">
			<Option target="vstrap"/>
		</Unit>
		<Unit filename="/home/jan/Promotion_linuxPC/vstrap/src/solver/pusher/pusher_algorithms.cc">
			<Option target="vstrap"/>
		</Unit>
		<Unit filename="/home/jan/Promotion_linuxPC/vstrap/src/solver/pusher/pusher_algorithms.h">
			<Option target="vstrap"/>
		</Unit>
		<Unit filename="/home/jan/Promotion_linuxPC/vstrap/src/solver/pwi/pwi.cc">
			<Option target="vstrap"/>
		</Unit>
		<Unit filename="/home/jan/Promotion_linuxPC/vstrap/src/solver/pwi/pwi.h">
			<Option target="vstrap"/>
		</Unit>
		<Unit filename="/home/jan/Promotion_linuxPC/vstrap/src/solver/pwi/pwi_algorithms.cc">
			<Option target="vstrap"/>
		</Unit>
		<Unit filename="/home/jan/Promotion_linuxPC/vstrap/src/solver/pwi/pwi_algorithms.h">
			<Option target="vstrap"/>
		</Unit>
		<Unit filename="/home/jan/Promotion_linuxPC/vstrap/src/solver/pwi/see_algorithms.cc">
			<Option target="vstrap"/>
		</Unit>
		<Unit filename="/home/jan/Promotion_linuxPC/vstrap/src/solver/pwi/see_algorithms.h">
			<Option target="vstrap"/>
		</Unit>
		<Unit filename="/home/jan/Promotion_linuxPC/vstrap/src/solver/solver.cc">
			<Option target="vstrap"/>
		</Unit>
		<Unit filename="/home/jan/Promotion_linuxPC/vstrap/src/solver/solver.h">
			<Option target="vstrap"/>
		</Unit>
		<Unit filename="/home/jan/Promotion_linuxPC/vstrap/src/vstrap/abortcriterium.cc">
			<Option target="vstrap"/>
		</Unit>
		<Unit filename="/home/jan/Promotion_linuxPC/vstrap/src/vstrap/abortcriterium.h">
			<Option target="vstrap"/>
		</Unit>
		<Unit filename="/home/jan/Promotion_linuxPC/vstrap/src/vstrap/executable.cc">
			<Option target="vstrap"/>
		</Unit>
		<Unit filename="/home/jan/Promotion_linuxPC/vstrap/src/vstrap/executable.h">
			<Option target="vstrap"/>
		</Unit>
		<Unit filename="/home/jan/Promotion_linuxPC/vstrap/src/vstrap/schedule.cc">
			<Option target="vstrap"/>
		</Unit>
		<Unit filename="/home/jan/Promotion_linuxPC/vstrap/src/vstrap/schedule.h">
			<Option target="vstrap"/>
		</Unit>
		<Unit filename="/home/jan/Promotion_linuxPC/vstrap/src/vstrap/vstrap.cc">
			<Option target="vstrap"/>
		</Unit>
		<Unit filename="/home/jan/Promotion_linuxPC/vstrap/src/vstrap/vstrap.h">
			<Option target="vstrap"/>
		</Unit>
		<Unit filename="/home/jan/Promotion_linuxPC/vstrap/CMakeLists.txt">
			<Option virtualFolder="CMake Files\"/>
		</Unit>
		<Unit filename="/home/jan/Promotion_linuxPC/vstrap/src/CMakeLists.txt">
			<Option virtualFolder="CMake Files\src\"/>
		</Unit>
	</Project>
</CodeBlocks_project_file>
